
Microsoft Visual Studio Solution File, Format Version 12.00
# Visual Studio Version 17
VisualStudioVersion = 17.11.35312.102
MinimumVisualStudioVersion = 10.0.40219.1
Project("{8BC9CEB8-8B4A-11D0-8D11-00A0C91BC942}") = "Minesweeper", "Minesweeper\Minesweeper.vcxproj", "{CCC5AFB9-3521-4D82-BE47-1F21490CAFB6}"
EndProject
Global
	GlobalSection(SolutionConfigurationPlatforms) = preSolution
		Debug|x64 = Debug|x64
		Debug|x86 = Debug|x86
		Release|x64 = Release|x64
		Release|x86 = Release|x86
	EndGlobalSection
	GlobalSection(ProjectConfigurationPlatforms) = postSolution
		{CCC5AFB9-3521-4D82-BE47-1F21490CAFB6}.Debug|x64.ActiveCfg = Debug|x64
		{CCC5AFB9-3521-4D82-BE47-1F21490CAFB6}.Debug|x64.Build.0 = Debug|x64
		{CCC5AFB9-3521-4D82-BE47-1F21490CAFB6}.Debug|x86.ActiveCfg = Debug|Win32
		{CCC5AFB9-3521-4D82-BE47-1F21490CAFB6}.Debug|x86.Build.0 = Debug|Win32
		{CCC5AFB9-3521-4D82-BE47-1F21490CAFB6}.Release|x64.ActiveCfg = Release|x64
		{CCC5AFB9-3521-4D82-BE47-1F21490CAFB6}.Release|x64.Build.0 = Release|x64
		{CCC5AFB9-3521-4D82-BE47-1F21490CAFB6}.Release|x86.ActiveCfg = Release|Win32
		{CCC5AFB9-3521-4D82-BE47-1F21490CAFB6}.Release|x86.Build.0 = Release|Win32
	EndGlobalSection
	GlobalSection(SolutionProperties) = preSolution
		HideSolutionNode = FALSE
	EndGlobalSection
	GlobalSection(ExtensibilityGlobals) = postSolution
		SolutionGuid = {99B83AD2-CD5E-4E63-8EA8-00905E0B8A80}
	EndGlobalSection
EndGlobal
